
Microsoft Visual Studio Solution File, Format Version 12.00
# Visual Studio 15
VisualStudioVersion = 15.0.28307.2017
MinimumVisualStudioVersion = 10.0.40219.1
Project("{FAE04EC0-301F-11D3-BF4B-00C04F79EFBC}") = "Zad1", "Zad1\Zad1.csproj", "{4A49DF79-5B75-4D93-8E52-B3555896859B}"
EndProject
Global
	GlobalSection(SolutionConfigurationPlatforms) = preSolution
		Debug|Any CPU = Debug|Any CPU
		Release|Any CPU = Release|Any CPU
	EndGlobalSection
	GlobalSection(ProjectConfigurationPlatforms) = postSolution
		{4A49DF79-5B75-4D93-8E52-B3555896859B}.Debug|Any CPU.ActiveCfg = Debug|Any CPU
		{4A49DF79-5B75-4D93-8E52-B3555896859B}.Debug|Any CPU.Build.0 = Debug|Any CPU
		{4A49DF79-5B75-4D93-8E52-B3555896859B}.Release|Any CPU.ActiveCfg = Release|Any CPU
		{4A49DF79-5B75-4D93-8E52-B3555896859B}.Release|Any CPU.Build.0 = Release|Any CPU
	EndGlobalSection
	GlobalSection(SolutionProperties) = preSolution
		HideSolutionNode = FALSE
	EndGlobalSection
	GlobalSection(ExtensibilityGlobals) = postSolution
		SolutionGuid = {B0828B11-1F46-41BC-9914-4F7AC66E91C2}
	EndGlobalSection
EndGlobal
